
Microsoft Visual Studio Solution File, Format Version 12.00
# Visual Studio Version 16
VisualStudioVersion = 16.0.29609.76
MinimumVisualStudioVersion = 10.0.40219.1
Project("{FAE04EC0-301F-11D3-BF4B-00C04F79EFBC}") = "GrpcGreeter", "GrpcGreeter\GrpcGreeter.csproj", "{D36C0DCE-3BF5-4BDE-8923-906BA9F5B4CE}"
EndProject
Project("{FAE04EC0-301F-11D3-BF4B-00C04F79EFBC}") = "GrpcGreeterClient", "GrpcGreeterClient\GrpcGreeterClient.csproj", "{1240F7D9-8E18-49F2-99B1-AF8417AF5E6C}"
EndProject
Global
	GlobalSection(SolutionConfigurationPlatforms) = preSolution
		Debug|Any CPU = Debug|Any CPU
		Debug|x64 = Debug|x64
		Debug|x86 = Debug|x86
		Release|Any CPU = Release|Any CPU
		Release|x64 = Release|x64
		Release|x86 = Release|x86
	EndGlobalSection
	GlobalSection(ProjectConfigurationPlatforms) = postSolution
		{D36C0DCE-3BF5-4BDE-8923-906BA9F5B4CE}.Debug|Any CPU.ActiveCfg = Debug|Any CPU
		{D36C0DCE-3BF5-4BDE-8923-906BA9F5B4CE}.Debug|Any CPU.Build.0 = Debug|Any CPU
		{D36C0DCE-3BF5-4BDE-8923-906BA9F5B4CE}.Debug|x64.ActiveCfg = Debug|Any CPU
		{D36C0DCE-3BF5-4BDE-8923-906BA9F5B4CE}.Debug|x64.Build.0 = Debug|Any CPU
		{D36C0DCE-3BF5-4BDE-8923-906BA9F5B4CE}.Debug|x86.ActiveCfg = Debug|Any CPU
		{D36C0DCE-3BF5-4BDE-8923-906BA9F5B4CE}.Debug|x86.Build.0 = Debug|Any CPU
		{D36C0DCE-3BF5-4BDE-8923-906BA9F5B4CE}.Release|Any CPU.ActiveCfg = Release|Any CPU
		{D36C0DCE-3BF5-4BDE-8923-906BA9F5B4CE}.Release|Any CPU.Build.0 = Release|Any CPU
		{D36C0DCE-3BF5-4BDE-8923-906BA9F5B4CE}.Release|x64.ActiveCfg = Release|Any CPU
		{D36C0DCE-3BF5-4BDE-8923-906BA9F5B4CE}.Release|x64.Build.0 = Release|Any CPU
		{D36C0DCE-3BF5-4BDE-8923-906BA9F5B4CE}.Release|x86.ActiveCfg = Release|Any CPU
		{D36C0DCE-3BF5-4BDE-8923-906BA9F5B4CE}.Release|x86.Build.0 = Release|Any CPU
		{1240F7D9-8E18-49F2-99B1-AF8417AF5E6C}.Debug|Any CPU.ActiveCfg = Debug|Any CPU
		{1240F7D9-8E18-49F2-99B1-AF8417AF5E6C}.Debug|Any CPU.Build.0 = Debug|Any CPU
		{1240F7D9-8E18-49F2-99B1-AF8417AF5E6C}.Debug|x64.ActiveCfg = Debug|Any CPU
		{1240F7D9-8E18-49F2-99B1-AF8417AF5E6C}.Debug|x64.Build.0 = Debug|Any CPU
		{1240F7D9-8E18-49F2-99B1-AF8417AF5E6C}.Debug|x86.ActiveCfg = Debug|Any CPU
		{1240F7D9-8E18-49F2-99B1-AF8417AF5E6C}.Debug|x86.Build.0 = Debug|Any CPU
		{1240F7D9-8E18-49F2-99B1-AF8417AF5E6C}.Release|Any CPU.ActiveCfg = Release|Any CPU
		{1240F7D9-8E18-49F2-99B1-AF8417AF5E6C}.Release|Any CPU.Build.0 = Release|Any CPU
		{1240F7D9-8E18-49F2-99B1-AF8417AF5E6C}.Release|x64.ActiveCfg = Release|Any CPU
		{1240F7D9-8E18-49F2-99B1-AF8417AF5E6C}.Release|x64.Build.0 = Release|Any CPU
		{1240F7D9-8E18-49F2-99B1-AF8417AF5E6C}.Release|x86.ActiveCfg = Release|Any CPU
		{1240F7D9-8E18-49F2-99B1-AF8417AF5E6C}.Release|x86.Build.0 = Release|Any CPU
	EndGlobalSection
	GlobalSection(SolutionProperties) = preSolution
		HideSolutionNode = FALSE
	EndGlobalSection
	GlobalSection(ExtensibilityGlobals) = postSolution
		SolutionGuid = {6A55C692-9F1B-4187-9926-A8C54172A577}
	EndGlobalSection
EndGlobal
