
Microsoft Visual Studio Solution File, Format Version 12.00
# Visual Studio Version 16
VisualStudioVersion = 16.0.29609.76
MinimumVisualStudioVersion = 10.0.40219.1
Project("{FAE04EC0-301F-11D3-BF4B-00C04F79EFBC}") = "ObjectWCF", "ObjectWCF\ObjectWCF.csproj", "{9EA928EC-7B5E-46E8-BA9B-FA2FCEDF9C39}"
EndProject
Project("{FAE04EC0-301F-11D3-BF4B-00C04F79EFBC}") = "HostWCF", "HostWCF\HostWCF.csproj", "{089DA13B-C06F-495D-BE60-17C91437E79B}"
EndProject
Project("{FAE04EC0-301F-11D3-BF4B-00C04F79EFBC}") = "ClientWCF", "ClientWCF\ClientWCF.csproj", "{6496B57F-74D9-4A9F-9AEA-99FE145CEFCD}"
EndProject
Project("{9A19103F-16F7-4668-BE54-9A1E7A4F7556}") = "GrpcClient", "GrpcClient\GrpcClient.csproj", "{88003FC2-52F3-49ED-AE8D-3E5F1D8BF8B4}"
EndProject
Project("{9A19103F-16F7-4668-BE54-9A1E7A4F7556}") = "GrpcServer", "GrpcServer\GrpcServer.csproj", "{C50269AA-5B9C-496D-BB18-FED327BFD1FF}"
EndProject
Project("{FAE04EC0-301F-11D3-BF4B-00C04F79EFBC}") = "DataAccess", "DataAccess\DataAccess.csproj", "{A84A6E86-F8C1-4826-BA6E-128330AAEEB9}"
EndProject
Global
	GlobalSection(SolutionConfigurationPlatforms) = preSolution
		Debug|Any CPU = Debug|Any CPU
		Release|Any CPU = Release|Any CPU
	EndGlobalSection
	GlobalSection(ProjectConfigurationPlatforms) = postSolution
		{9EA928EC-7B5E-46E8-BA9B-FA2FCEDF9C39}.Debug|Any CPU.ActiveCfg = Debug|Any CPU
		{9EA928EC-7B5E-46E8-BA9B-FA2FCEDF9C39}.Debug|Any CPU.Build.0 = Debug|Any CPU
		{9EA928EC-7B5E-46E8-BA9B-FA2FCEDF9C39}.Release|Any CPU.ActiveCfg = Release|Any CPU
		{9EA928EC-7B5E-46E8-BA9B-FA2FCEDF9C39}.Release|Any CPU.Build.0 = Release|Any CPU
		{089DA13B-C06F-495D-BE60-17C91437E79B}.Debug|Any CPU.ActiveCfg = Debug|Any CPU
		{089DA13B-C06F-495D-BE60-17C91437E79B}.Debug|Any CPU.Build.0 = Debug|Any CPU
		{089DA13B-C06F-495D-BE60-17C91437E79B}.Release|Any CPU.ActiveCfg = Release|Any CPU
		{089DA13B-C06F-495D-BE60-17C91437E79B}.Release|Any CPU.Build.0 = Release|Any CPU
		{6496B57F-74D9-4A9F-9AEA-99FE145CEFCD}.Debug|Any CPU.ActiveCfg = Debug|Any CPU
		{6496B57F-74D9-4A9F-9AEA-99FE145CEFCD}.Debug|Any CPU.Build.0 = Debug|Any CPU
		{6496B57F-74D9-4A9F-9AEA-99FE145CEFCD}.Release|Any CPU.ActiveCfg = Release|Any CPU
		{6496B57F-74D9-4A9F-9AEA-99FE145CEFCD}.Release|Any CPU.Build.0 = Release|Any CPU
		{88003FC2-52F3-49ED-AE8D-3E5F1D8BF8B4}.Debug|Any CPU.ActiveCfg = Debug|Any CPU
		{88003FC2-52F3-49ED-AE8D-3E5F1D8BF8B4}.Debug|Any CPU.Build.0 = Debug|Any CPU
		{88003FC2-52F3-49ED-AE8D-3E5F1D8BF8B4}.Release|Any CPU.ActiveCfg = Release|Any CPU
		{88003FC2-52F3-49ED-AE8D-3E5F1D8BF8B4}.Release|Any CPU.Build.0 = Release|Any CPU
		{C50269AA-5B9C-496D-BB18-FED327BFD1FF}.Debug|Any CPU.ActiveCfg = Debug|Any CPU
		{C50269AA-5B9C-496D-BB18-FED327BFD1FF}.Debug|Any CPU.Build.0 = Debug|Any CPU
		{C50269AA-5B9C-496D-BB18-FED327BFD1FF}.Release|Any CPU.ActiveCfg = Release|Any CPU
		{C50269AA-5B9C-496D-BB18-FED327BFD1FF}.Release|Any CPU.Build.0 = Release|Any CPU
		{A84A6E86-F8C1-4826-BA6E-128330AAEEB9}.Debug|Any CPU.ActiveCfg = Debug|Any CPU
		{A84A6E86-F8C1-4826-BA6E-128330AAEEB9}.Debug|Any CPU.Build.0 = Debug|Any CPU
		{A84A6E86-F8C1-4826-BA6E-128330AAEEB9}.Release|Any CPU.ActiveCfg = Release|Any CPU
		{A84A6E86-F8C1-4826-BA6E-128330AAEEB9}.Release|Any CPU.Build.0 = Release|Any CPU
	EndGlobalSection
	GlobalSection(SolutionProperties) = preSolution
		HideSolutionNode = FALSE
	EndGlobalSection
	GlobalSection(ExtensibilityGlobals) = postSolution
		SolutionGuid = {B8169F34-231E-40FC-9452-C1DC4950A516}
	EndGlobalSection
EndGlobal
