
Microsoft Visual Studio Solution File, Format Version 12.00
# Visual Studio Version 16
VisualStudioVersion = 16.0.29609.76
MinimumVisualStudioVersion = 10.0.40219.1
Project("{2150E333-8FDC-42A3-9474-1A3956D46DE8}") = "lab001", "lab001", "{3AE83486-D7F3-4CAA-A3DA-4FA80727C198}"
EndProject
Project("{FAE04EC0-301F-11D3-BF4B-00C04F79EFBC}") = "Lab001.Ex01.Library", "Lab001.Ex01.Library\Lab001.Ex01.Library.csproj", "{94F442C7-ECA5-4E1F-A53C-0A2074BAC9C9}"
EndProject
Project("{9A19103F-16F7-4668-BE54-9A1E7A4F7556}") = "Lab001.Ex01", "Lab001.Ex01\Lab001.Ex01.csproj", "{BC605DDD-8F7C-4F26-A24F-5987A8817925}"
EndProject
Project("{2150E333-8FDC-42A3-9474-1A3956D46DE8}") = "ex01", "ex01", "{4E3EB92D-4199-47D6-A7A7-41CF23767726}"
EndProject
Project("{2150E333-8FDC-42A3-9474-1A3956D46DE8}") = "ex02", "ex02", "{6F2C43A1-0F0E-4BB4-98F3-B6D53D8B8E86}"
EndProject
Project("{FAE04EC0-301F-11D3-BF4B-00C04F79EFBC}") = "Lab001.Ex02", "Lab001.Ex02\Lab001.Ex02.csproj", "{D59CDCF7-5FF7-4717-A10D-BC5F53832AAF}"
EndProject
Project("{2150E333-8FDC-42A3-9474-1A3956D46DE8}") = "lab002", "lab002", "{F1A59585-4D2B-4FBC-9C40-7662AF48F994}"
EndProject
Project("{FAE04EC0-301F-11D3-BF4B-00C04F79EFBC}") = "Calculator", "Calculator\Calculator.csproj", "{A89C57D3-4677-4606-BF75-8BE955B990F8}"
EndProject
Project("{2150E333-8FDC-42A3-9474-1A3956D46DE8}") = "lab004", "lab004", "{4CCD7F32-A00B-4628-825D-EDEC2B680D3E}"
EndProject
Project("{9A19103F-16F7-4668-BE54-9A1E7A4F7556}") = "EfCore2020", "EfCore2020\EfCore2020.csproj", "{2DBFE775-EFDF-4EE0-B8DA-0A6CC3769134}"
EndProject
Project("{9A19103F-16F7-4668-BE54-9A1E7A4F7556}") = "EfCore2020.Console", "EfCore2020.Console\EfCore2020.Console.csproj", "{BF20703A-A3CD-4970-82CC-A184B8F50D7D}"
EndProject
Project("{2150E333-8FDC-42A3-9474-1A3956D46DE8}") = "MyPhotos", "MyPhotos", "{6B57E265-0A9D-4534-ADD6-9860A551FAEB}"
EndProject
Project("{2150E333-8FDC-42A3-9474-1A3956D46DE8}") = "01. Presentation", "01. Presentation", "{0621AAFA-CA01-431B-9778-6751104CB46F}"
EndProject
Project("{2150E333-8FDC-42A3-9474-1A3956D46DE8}") = "02. Services", "02. Services", "{B1F91AA9-596A-41D1-A051-821C4989FAAC}"
EndProject
Project("{2150E333-8FDC-42A3-9474-1A3956D46DE8}") = "03. Business", "03. Business", "{1B51F115-ACAB-4E31-8C10-A87AA54F54EA}"
EndProject
Project("{2150E333-8FDC-42A3-9474-1A3956D46DE8}") = "03. DataAccess", "03. DataAccess", "{9B025516-9141-43E0-AAAF-6C60AE9F2557}"
EndProject
Project("{2150E333-8FDC-42A3-9474-1A3956D46DE8}") = "Model", "Model", "{49381112-B5EC-4493-BA49-8885DFFB2028}"
EndProject
Project("{2150E333-8FDC-42A3-9474-1A3956D46DE8}") = "Api", "Api", "{7F4C5296-FBAC-4A28-95F9-BDA254466DFC}"
EndProject
Project("{2150E333-8FDC-42A3-9474-1A3956D46DE8}") = "Gui", "Gui", "{7AE06134-5BE8-47AA-8E40-74F71811DD4A}"
EndProject
Project("{FAE04EC0-301F-11D3-BF4B-00C04F79EFBC}") = "MyPhotos.DataAccess.Model", "MyPhotos.DataAccess.Model\MyPhotos.DataAccess.Model.csproj", "{99011F81-589B-44BE-9289-74E9B3066142}"
EndProject
Project("{FAE04EC0-301F-11D3-BF4B-00C04F79EFBC}") = "MyPhotos.DataAccess.Api", "MyPhotos.DataAccess.Api\MyPhotos.DataAccess.Api.csproj", "{EEDA88A0-0ACC-485A-BA3F-82D01115F4CB}"
EndProject
Project("{FAE04EC0-301F-11D3-BF4B-00C04F79EFBC}") = "MyPhotos.DataAccess.Gui", "MyPhotos.DataAccess.Gui\MyPhotos.DataAccess.Gui.csproj", "{E69F479F-53C2-4B9E-A597-B30D6C1B5917}"
EndProject
Project("{2150E333-8FDC-42A3-9474-1A3956D46DE8}") = "lab005", "lab005", "{CA12AC53-7C49-4E6F-AD06-AC82E74E2160}"
EndProject
Project("{FAE04EC0-301F-11D3-BF4B-00C04F79EFBC}") = "Lab005.EF", "Lab004.EF\Lab005.EF.csproj", "{A84A6E86-F8C1-4826-BA6E-128330AAEEB9}"
EndProject
Project("{2150E333-8FDC-42A3-9474-1A3956D46DE8}") = "lab003", "lab003", "{6DF5A660-A61D-4566-9332-7DC1FF398ACB}"
EndProject
Project("{FAE04EC0-301F-11D3-BF4B-00C04F79EFBC}") = "ModelDesignFirst", "lab003\ModelDesignFirst\ModelDesignFirst.csproj", "{9E0668F0-6D1B-405D-AF98-D6EACA7C9F1C}"
EndProject
Global
	GlobalSection(SolutionConfigurationPlatforms) = preSolution
		Debug|Any CPU = Debug|Any CPU
		Release|Any CPU = Release|Any CPU
	EndGlobalSection
	GlobalSection(ProjectConfigurationPlatforms) = postSolution
		{94F442C7-ECA5-4E1F-A53C-0A2074BAC9C9}.Debug|Any CPU.ActiveCfg = Debug|Any CPU
		{94F442C7-ECA5-4E1F-A53C-0A2074BAC9C9}.Debug|Any CPU.Build.0 = Debug|Any CPU
		{94F442C7-ECA5-4E1F-A53C-0A2074BAC9C9}.Release|Any CPU.ActiveCfg = Release|Any CPU
		{94F442C7-ECA5-4E1F-A53C-0A2074BAC9C9}.Release|Any CPU.Build.0 = Release|Any CPU
		{BC605DDD-8F7C-4F26-A24F-5987A8817925}.Debug|Any CPU.ActiveCfg = Debug|Any CPU
		{BC605DDD-8F7C-4F26-A24F-5987A8817925}.Debug|Any CPU.Build.0 = Debug|Any CPU
		{BC605DDD-8F7C-4F26-A24F-5987A8817925}.Release|Any CPU.ActiveCfg = Release|Any CPU
		{BC605DDD-8F7C-4F26-A24F-5987A8817925}.Release|Any CPU.Build.0 = Release|Any CPU
		{D59CDCF7-5FF7-4717-A10D-BC5F53832AAF}.Debug|Any CPU.ActiveCfg = Debug|Any CPU
		{D59CDCF7-5FF7-4717-A10D-BC5F53832AAF}.Debug|Any CPU.Build.0 = Debug|Any CPU
		{D59CDCF7-5FF7-4717-A10D-BC5F53832AAF}.Release|Any CPU.ActiveCfg = Release|Any CPU
		{D59CDCF7-5FF7-4717-A10D-BC5F53832AAF}.Release|Any CPU.Build.0 = Release|Any CPU
		{A89C57D3-4677-4606-BF75-8BE955B990F8}.Debug|Any CPU.ActiveCfg = Debug|Any CPU
		{A89C57D3-4677-4606-BF75-8BE955B990F8}.Debug|Any CPU.Build.0 = Debug|Any CPU
		{A89C57D3-4677-4606-BF75-8BE955B990F8}.Release|Any CPU.ActiveCfg = Release|Any CPU
		{A89C57D3-4677-4606-BF75-8BE955B990F8}.Release|Any CPU.Build.0 = Release|Any CPU
		{2DBFE775-EFDF-4EE0-B8DA-0A6CC3769134}.Debug|Any CPU.ActiveCfg = Debug|Any CPU
		{2DBFE775-EFDF-4EE0-B8DA-0A6CC3769134}.Debug|Any CPU.Build.0 = Debug|Any CPU
		{2DBFE775-EFDF-4EE0-B8DA-0A6CC3769134}.Release|Any CPU.ActiveCfg = Release|Any CPU
		{2DBFE775-EFDF-4EE0-B8DA-0A6CC3769134}.Release|Any CPU.Build.0 = Release|Any CPU
		{BF20703A-A3CD-4970-82CC-A184B8F50D7D}.Debug|Any CPU.ActiveCfg = Debug|Any CPU
		{BF20703A-A3CD-4970-82CC-A184B8F50D7D}.Debug|Any CPU.Build.0 = Debug|Any CPU
		{BF20703A-A3CD-4970-82CC-A184B8F50D7D}.Release|Any CPU.ActiveCfg = Release|Any CPU
		{BF20703A-A3CD-4970-82CC-A184B8F50D7D}.Release|Any CPU.Build.0 = Release|Any CPU
		{99011F81-589B-44BE-9289-74E9B3066142}.Debug|Any CPU.ActiveCfg = Debug|Any CPU
		{99011F81-589B-44BE-9289-74E9B3066142}.Debug|Any CPU.Build.0 = Debug|Any CPU
		{99011F81-589B-44BE-9289-74E9B3066142}.Release|Any CPU.ActiveCfg = Release|Any CPU
		{99011F81-589B-44BE-9289-74E9B3066142}.Release|Any CPU.Build.0 = Release|Any CPU
		{EEDA88A0-0ACC-485A-BA3F-82D01115F4CB}.Debug|Any CPU.ActiveCfg = Debug|Any CPU
		{EEDA88A0-0ACC-485A-BA3F-82D01115F4CB}.Debug|Any CPU.Build.0 = Debug|Any CPU
		{EEDA88A0-0ACC-485A-BA3F-82D01115F4CB}.Release|Any CPU.ActiveCfg = Release|Any CPU
		{EEDA88A0-0ACC-485A-BA3F-82D01115F4CB}.Release|Any CPU.Build.0 = Release|Any CPU
		{E69F479F-53C2-4B9E-A597-B30D6C1B5917}.Debug|Any CPU.ActiveCfg = Debug|Any CPU
		{E69F479F-53C2-4B9E-A597-B30D6C1B5917}.Debug|Any CPU.Build.0 = Debug|Any CPU
		{E69F479F-53C2-4B9E-A597-B30D6C1B5917}.Release|Any CPU.ActiveCfg = Release|Any CPU
		{E69F479F-53C2-4B9E-A597-B30D6C1B5917}.Release|Any CPU.Build.0 = Release|Any CPU
		{A84A6E86-F8C1-4826-BA6E-128330AAEEB9}.Debug|Any CPU.ActiveCfg = Debug|Any CPU
		{A84A6E86-F8C1-4826-BA6E-128330AAEEB9}.Debug|Any CPU.Build.0 = Debug|Any CPU
		{A84A6E86-F8C1-4826-BA6E-128330AAEEB9}.Release|Any CPU.ActiveCfg = Release|Any CPU
		{A84A6E86-F8C1-4826-BA6E-128330AAEEB9}.Release|Any CPU.Build.0 = Release|Any CPU
		{9E0668F0-6D1B-405D-AF98-D6EACA7C9F1C}.Debug|Any CPU.ActiveCfg = Debug|Any CPU
		{9E0668F0-6D1B-405D-AF98-D6EACA7C9F1C}.Debug|Any CPU.Build.0 = Debug|Any CPU
		{9E0668F0-6D1B-405D-AF98-D6EACA7C9F1C}.Release|Any CPU.ActiveCfg = Release|Any CPU
		{9E0668F0-6D1B-405D-AF98-D6EACA7C9F1C}.Release|Any CPU.Build.0 = Release|Any CPU
	EndGlobalSection
	GlobalSection(SolutionProperties) = preSolution
		HideSolutionNode = FALSE
	EndGlobalSection
	GlobalSection(NestedProjects) = preSolution
		{94F442C7-ECA5-4E1F-A53C-0A2074BAC9C9} = {4E3EB92D-4199-47D6-A7A7-41CF23767726}
		{BC605DDD-8F7C-4F26-A24F-5987A8817925} = {4E3EB92D-4199-47D6-A7A7-41CF23767726}
		{4E3EB92D-4199-47D6-A7A7-41CF23767726} = {3AE83486-D7F3-4CAA-A3DA-4FA80727C198}
		{6F2C43A1-0F0E-4BB4-98F3-B6D53D8B8E86} = {3AE83486-D7F3-4CAA-A3DA-4FA80727C198}
		{D59CDCF7-5FF7-4717-A10D-BC5F53832AAF} = {6F2C43A1-0F0E-4BB4-98F3-B6D53D8B8E86}
		{A89C57D3-4677-4606-BF75-8BE955B990F8} = {F1A59585-4D2B-4FBC-9C40-7662AF48F994}
		{2DBFE775-EFDF-4EE0-B8DA-0A6CC3769134} = {4CCD7F32-A00B-4628-825D-EDEC2B680D3E}
		{BF20703A-A3CD-4970-82CC-A184B8F50D7D} = {4CCD7F32-A00B-4628-825D-EDEC2B680D3E}
		{0621AAFA-CA01-431B-9778-6751104CB46F} = {6B57E265-0A9D-4534-ADD6-9860A551FAEB}
		{B1F91AA9-596A-41D1-A051-821C4989FAAC} = {6B57E265-0A9D-4534-ADD6-9860A551FAEB}
		{1B51F115-ACAB-4E31-8C10-A87AA54F54EA} = {6B57E265-0A9D-4534-ADD6-9860A551FAEB}
		{9B025516-9141-43E0-AAAF-6C60AE9F2557} = {6B57E265-0A9D-4534-ADD6-9860A551FAEB}
		{49381112-B5EC-4493-BA49-8885DFFB2028} = {9B025516-9141-43E0-AAAF-6C60AE9F2557}
		{7F4C5296-FBAC-4A28-95F9-BDA254466DFC} = {9B025516-9141-43E0-AAAF-6C60AE9F2557}
		{7AE06134-5BE8-47AA-8E40-74F71811DD4A} = {9B025516-9141-43E0-AAAF-6C60AE9F2557}
		{99011F81-589B-44BE-9289-74E9B3066142} = {49381112-B5EC-4493-BA49-8885DFFB2028}
		{EEDA88A0-0ACC-485A-BA3F-82D01115F4CB} = {7F4C5296-FBAC-4A28-95F9-BDA254466DFC}
		{E69F479F-53C2-4B9E-A597-B30D6C1B5917} = {7AE06134-5BE8-47AA-8E40-74F71811DD4A}
		{A84A6E86-F8C1-4826-BA6E-128330AAEEB9} = {CA12AC53-7C49-4E6F-AD06-AC82E74E2160}
		{9E0668F0-6D1B-405D-AF98-D6EACA7C9F1C} = {6DF5A660-A61D-4566-9332-7DC1FF398ACB}
	EndGlobalSection
	GlobalSection(ExtensibilityGlobals) = postSolution
		SolutionGuid = {0CFA3652-983B-4427-A35C-ACAC5D32BB61}
	EndGlobalSection
EndGlobal
