
Microsoft Visual Studio Solution File, Format Version 12.00
# Visual Studio Version 16
VisualStudioVersion = 16.0.29609.76
MinimumVisualStudioVersion = 10.0.40219.1
Project("{FAE04EC0-301F-11D3-BF4B-00C04F79EFBC}") = "PostComment", "PostComment\PostComment.csproj", "{1C1AD232-F113-4B51-9F31-B2D60A5E3DC1}"
EndProject
Project("{FAE04EC0-301F-11D3-BF4B-00C04F79EFBC}") = "ObjectWCF", "ObjectWCF\ObjectWCF.csproj", "{9EA928EC-7B5E-46E8-BA9B-FA2FCEDF9C39}"
EndProject
Project("{FAE04EC0-301F-11D3-BF4B-00C04F79EFBC}") = "HostWCF", "HostWCF\HostWCF.csproj", "{089DA13B-C06F-495D-BE60-17C91437E79B}"
EndProject
Project("{FAE04EC0-301F-11D3-BF4B-00C04F79EFBC}") = "ClientWCF", "ClientWCF\ClientWCF.csproj", "{6496B57F-74D9-4A9F-9AEA-99FE145CEFCD}"
EndProject
Global
	GlobalSection(SolutionConfigurationPlatforms) = preSolution
		Debug|Any CPU = Debug|Any CPU
		Release|Any CPU = Release|Any CPU
	EndGlobalSection
	GlobalSection(ProjectConfigurationPlatforms) = postSolution
		{1C1AD232-F113-4B51-9F31-B2D60A5E3DC1}.Debug|Any CPU.ActiveCfg = Debug|Any CPU
		{1C1AD232-F113-4B51-9F31-B2D60A5E3DC1}.Debug|Any CPU.Build.0 = Debug|Any CPU
		{1C1AD232-F113-4B51-9F31-B2D60A5E3DC1}.Release|Any CPU.ActiveCfg = Release|Any CPU
		{1C1AD232-F113-4B51-9F31-B2D60A5E3DC1}.Release|Any CPU.Build.0 = Release|Any CPU
		{9EA928EC-7B5E-46E8-BA9B-FA2FCEDF9C39}.Debug|Any CPU.ActiveCfg = Debug|Any CPU
		{9EA928EC-7B5E-46E8-BA9B-FA2FCEDF9C39}.Debug|Any CPU.Build.0 = Debug|Any CPU
		{9EA928EC-7B5E-46E8-BA9B-FA2FCEDF9C39}.Release|Any CPU.ActiveCfg = Release|Any CPU
		{9EA928EC-7B5E-46E8-BA9B-FA2FCEDF9C39}.Release|Any CPU.Build.0 = Release|Any CPU
		{089DA13B-C06F-495D-BE60-17C91437E79B}.Debug|Any CPU.ActiveCfg = Debug|Any CPU
		{089DA13B-C06F-495D-BE60-17C91437E79B}.Debug|Any CPU.Build.0 = Debug|Any CPU
		{089DA13B-C06F-495D-BE60-17C91437E79B}.Release|Any CPU.ActiveCfg = Release|Any CPU
		{089DA13B-C06F-495D-BE60-17C91437E79B}.Release|Any CPU.Build.0 = Release|Any CPU
		{6496B57F-74D9-4A9F-9AEA-99FE145CEFCD}.Debug|Any CPU.ActiveCfg = Debug|Any CPU
		{6496B57F-74D9-4A9F-9AEA-99FE145CEFCD}.Debug|Any CPU.Build.0 = Debug|Any CPU
		{6496B57F-74D9-4A9F-9AEA-99FE145CEFCD}.Release|Any CPU.ActiveCfg = Release|Any CPU
		{6496B57F-74D9-4A9F-9AEA-99FE145CEFCD}.Release|Any CPU.Build.0 = Release|Any CPU
	EndGlobalSection
	GlobalSection(SolutionProperties) = preSolution
		HideSolutionNode = FALSE
	EndGlobalSection
	GlobalSection(ExtensibilityGlobals) = postSolution
		SolutionGuid = {B8169F34-231E-40FC-9452-C1DC4950A516}
	EndGlobalSection
EndGlobal
