
Microsoft Visual Studio Solution File, Format Version 12.00
# Visual Studio Version 16
VisualStudioVersion = 16.0.29609.76
MinimumVisualStudioVersion = 10.0.40219.1
Project("{2150E333-8FDC-42A3-9474-1A3956D46DE8}") = "MyPhotos", "MyPhotos", "{6B57E265-0A9D-4534-ADD6-9860A551FAEB}"
EndProject
Project("{2150E333-8FDC-42A3-9474-1A3956D46DE8}") = "01. Presentation", "01. Presentation", "{0621AAFA-CA01-431B-9778-6751104CB46F}"
EndProject
Project("{2150E333-8FDC-42A3-9474-1A3956D46DE8}") = "02. Services", "02. Services", "{B1F91AA9-596A-41D1-A051-821C4989FAAC}"
EndProject
Project("{2150E333-8FDC-42A3-9474-1A3956D46DE8}") = "03. DataAccess", "03. DataAccess", "{9B025516-9141-43E0-AAAF-6C60AE9F2557}"
EndProject
Project("{2150E333-8FDC-42A3-9474-1A3956D46DE8}") = "Model", "Model", "{49381112-B5EC-4493-BA49-8885DFFB2028}"
EndProject
Project("{2150E333-8FDC-42A3-9474-1A3956D46DE8}") = "Api", "Api", "{7F4C5296-FBAC-4A28-95F9-BDA254466DFC}"
EndProject
Project("{2150E333-8FDC-42A3-9474-1A3956D46DE8}") = "Gui", "Gui", "{7AE06134-5BE8-47AA-8E40-74F71811DD4A}"
EndProject
Project("{FAE04EC0-301F-11D3-BF4B-00C04F79EFBC}") = "MyPhotos.DataAccess.Model", "MyPhotos.DataAccess.Model\MyPhotos.DataAccess.Model.csproj", "{99011F81-589B-44BE-9289-74E9B3066142}"
EndProject
Project("{FAE04EC0-301F-11D3-BF4B-00C04F79EFBC}") = "MyPhotos.DataAccess.Api", "MyPhotos.DataAccess.Api\MyPhotos.DataAccess.Api.csproj", "{EEDA88A0-0ACC-485A-BA3F-82D01115F4CB}"
EndProject
Project("{FAE04EC0-301F-11D3-BF4B-00C04F79EFBC}") = "MyPhotos.DataAccess.Gui", "MyPhotos.DataAccess.Gui\MyPhotos.DataAccess.Gui.csproj", "{E69F479F-53C2-4B9E-A597-B30D6C1B5917}"
EndProject
Project("{FAE04EC0-301F-11D3-BF4B-00C04F79EFBC}") = "MyPhotos.WcfServices", "MyPhotos.WcfServices\MyPhotos.WcfServices.csproj", "{02AB7E09-1374-4CAA-A31B-5EEEE865E521}"
EndProject
Project("{2150E333-8FDC-42A3-9474-1A3956D46DE8}") = "Client", "Client", "{760C68C5-9DB0-416C-ADB1-35CC3D990CB5}"
EndProject
Project("{2150E333-8FDC-42A3-9474-1A3956D46DE8}") = "Host", "Host", "{FC6120CB-8054-486C-9FC6-FD584906EC44}"
EndProject
Project("{FAE04EC0-301F-11D3-BF4B-00C04F79EFBC}") = "MyPhotos.WcfServices.Host", "MyPhotos.WcfServices.Host\MyPhotos.WcfServices.Host.csproj", "{AED99A6B-FEC4-486F-A0F0-2E39CD7C999D}"
EndProject
Project("{FAE04EC0-301F-11D3-BF4B-00C04F79EFBC}") = "MyPhotos.Services.Gui", "MyPhotos.Services.Gui\MyPhotos.Services.Gui.csproj", "{0DCBD102-EDCA-4C18-9390-4547174E8828}"
EndProject
Project("{FAE04EC0-301F-11D3-BF4B-00C04F79EFBC}") = "MyPhotos.Presentation", "MyPhotos.Presentation\MyPhotos.Presentation.csproj", "{9EADF44B-F765-4BEE-BFEB-621621FA9DC5}"
EndProject
Global
	GlobalSection(SolutionConfigurationPlatforms) = preSolution
		Debug|Any CPU = Debug|Any CPU
		Release|Any CPU = Release|Any CPU
	EndGlobalSection
	GlobalSection(ProjectConfigurationPlatforms) = postSolution
		{99011F81-589B-44BE-9289-74E9B3066142}.Debug|Any CPU.ActiveCfg = Debug|Any CPU
		{99011F81-589B-44BE-9289-74E9B3066142}.Debug|Any CPU.Build.0 = Debug|Any CPU
		{99011F81-589B-44BE-9289-74E9B3066142}.Release|Any CPU.ActiveCfg = Release|Any CPU
		{99011F81-589B-44BE-9289-74E9B3066142}.Release|Any CPU.Build.0 = Release|Any CPU
		{EEDA88A0-0ACC-485A-BA3F-82D01115F4CB}.Debug|Any CPU.ActiveCfg = Debug|Any CPU
		{EEDA88A0-0ACC-485A-BA3F-82D01115F4CB}.Debug|Any CPU.Build.0 = Debug|Any CPU
		{EEDA88A0-0ACC-485A-BA3F-82D01115F4CB}.Release|Any CPU.ActiveCfg = Release|Any CPU
		{EEDA88A0-0ACC-485A-BA3F-82D01115F4CB}.Release|Any CPU.Build.0 = Release|Any CPU
		{E69F479F-53C2-4B9E-A597-B30D6C1B5917}.Debug|Any CPU.ActiveCfg = Debug|Any CPU
		{E69F479F-53C2-4B9E-A597-B30D6C1B5917}.Debug|Any CPU.Build.0 = Debug|Any CPU
		{E69F479F-53C2-4B9E-A597-B30D6C1B5917}.Release|Any CPU.ActiveCfg = Release|Any CPU
		{E69F479F-53C2-4B9E-A597-B30D6C1B5917}.Release|Any CPU.Build.0 = Release|Any CPU
		{02AB7E09-1374-4CAA-A31B-5EEEE865E521}.Debug|Any CPU.ActiveCfg = Debug|Any CPU
		{02AB7E09-1374-4CAA-A31B-5EEEE865E521}.Debug|Any CPU.Build.0 = Debug|Any CPU
		{02AB7E09-1374-4CAA-A31B-5EEEE865E521}.Release|Any CPU.ActiveCfg = Release|Any CPU
		{02AB7E09-1374-4CAA-A31B-5EEEE865E521}.Release|Any CPU.Build.0 = Release|Any CPU
		{AED99A6B-FEC4-486F-A0F0-2E39CD7C999D}.Debug|Any CPU.ActiveCfg = Debug|Any CPU
		{AED99A6B-FEC4-486F-A0F0-2E39CD7C999D}.Debug|Any CPU.Build.0 = Debug|Any CPU
		{AED99A6B-FEC4-486F-A0F0-2E39CD7C999D}.Release|Any CPU.ActiveCfg = Release|Any CPU
		{AED99A6B-FEC4-486F-A0F0-2E39CD7C999D}.Release|Any CPU.Build.0 = Release|Any CPU
		{0DCBD102-EDCA-4C18-9390-4547174E8828}.Debug|Any CPU.ActiveCfg = Debug|Any CPU
		{0DCBD102-EDCA-4C18-9390-4547174E8828}.Debug|Any CPU.Build.0 = Debug|Any CPU
		{0DCBD102-EDCA-4C18-9390-4547174E8828}.Release|Any CPU.ActiveCfg = Release|Any CPU
		{0DCBD102-EDCA-4C18-9390-4547174E8828}.Release|Any CPU.Build.0 = Release|Any CPU
		{9EADF44B-F765-4BEE-BFEB-621621FA9DC5}.Debug|Any CPU.ActiveCfg = Debug|Any CPU
		{9EADF44B-F765-4BEE-BFEB-621621FA9DC5}.Debug|Any CPU.Build.0 = Debug|Any CPU
		{9EADF44B-F765-4BEE-BFEB-621621FA9DC5}.Release|Any CPU.ActiveCfg = Release|Any CPU
		{9EADF44B-F765-4BEE-BFEB-621621FA9DC5}.Release|Any CPU.Build.0 = Release|Any CPU
	EndGlobalSection
	GlobalSection(SolutionProperties) = preSolution
		HideSolutionNode = FALSE
	EndGlobalSection
	GlobalSection(NestedProjects) = preSolution
		{0621AAFA-CA01-431B-9778-6751104CB46F} = {6B57E265-0A9D-4534-ADD6-9860A551FAEB}
		{B1F91AA9-596A-41D1-A051-821C4989FAAC} = {6B57E265-0A9D-4534-ADD6-9860A551FAEB}
		{9B025516-9141-43E0-AAAF-6C60AE9F2557} = {6B57E265-0A9D-4534-ADD6-9860A551FAEB}
		{49381112-B5EC-4493-BA49-8885DFFB2028} = {9B025516-9141-43E0-AAAF-6C60AE9F2557}
		{7F4C5296-FBAC-4A28-95F9-BDA254466DFC} = {9B025516-9141-43E0-AAAF-6C60AE9F2557}
		{7AE06134-5BE8-47AA-8E40-74F71811DD4A} = {9B025516-9141-43E0-AAAF-6C60AE9F2557}
		{99011F81-589B-44BE-9289-74E9B3066142} = {49381112-B5EC-4493-BA49-8885DFFB2028}
		{EEDA88A0-0ACC-485A-BA3F-82D01115F4CB} = {7F4C5296-FBAC-4A28-95F9-BDA254466DFC}
		{E69F479F-53C2-4B9E-A597-B30D6C1B5917} = {7AE06134-5BE8-47AA-8E40-74F71811DD4A}
		{02AB7E09-1374-4CAA-A31B-5EEEE865E521} = {FC6120CB-8054-486C-9FC6-FD584906EC44}
		{760C68C5-9DB0-416C-ADB1-35CC3D990CB5} = {B1F91AA9-596A-41D1-A051-821C4989FAAC}
		{FC6120CB-8054-486C-9FC6-FD584906EC44} = {B1F91AA9-596A-41D1-A051-821C4989FAAC}
		{AED99A6B-FEC4-486F-A0F0-2E39CD7C999D} = {FC6120CB-8054-486C-9FC6-FD584906EC44}
		{0DCBD102-EDCA-4C18-9390-4547174E8828} = {760C68C5-9DB0-416C-ADB1-35CC3D990CB5}
		{9EADF44B-F765-4BEE-BFEB-621621FA9DC5} = {0621AAFA-CA01-431B-9778-6751104CB46F}
	EndGlobalSection
	GlobalSection(ExtensibilityGlobals) = postSolution
		SolutionGuid = {0CFA3652-983B-4427-A35C-ACAC5D32BB61}
	EndGlobalSection
EndGlobal
