
Microsoft Visual Studio Solution File, Format Version 12.00
# Visual Studio Version 16
VisualStudioVersion = 16.0.29609.76
MinimumVisualStudioVersion = 10.0.40219.1
Project("{2150E333-8FDC-42A3-9474-1A3956D46DE8}") = "lab004", "lab004", "{4CCD7F32-A00B-4628-825D-EDEC2B680D3E}"
EndProject
Project("{9A19103F-16F7-4668-BE54-9A1E7A4F7556}") = "EfCore2020", "EfCore2020\EfCore2020.csproj", "{2DBFE775-EFDF-4EE0-B8DA-0A6CC3769134}"
EndProject
Project("{9A19103F-16F7-4668-BE54-9A1E7A4F7556}") = "EfCore2020.Console", "EfCore2020.Console\EfCore2020.Console.csproj", "{BF20703A-A3CD-4970-82CC-A184B8F50D7D}"
EndProject
Global
	GlobalSection(SolutionConfigurationPlatforms) = preSolution
		Debug|Any CPU = Debug|Any CPU
		Release|Any CPU = Release|Any CPU
	EndGlobalSection
	GlobalSection(ProjectConfigurationPlatforms) = postSolution
		{2DBFE775-EFDF-4EE0-B8DA-0A6CC3769134}.Debug|Any CPU.ActiveCfg = Debug|Any CPU
		{2DBFE775-EFDF-4EE0-B8DA-0A6CC3769134}.Debug|Any CPU.Build.0 = Debug|Any CPU
		{2DBFE775-EFDF-4EE0-B8DA-0A6CC3769134}.Release|Any CPU.ActiveCfg = Release|Any CPU
		{2DBFE775-EFDF-4EE0-B8DA-0A6CC3769134}.Release|Any CPU.Build.0 = Release|Any CPU
		{BF20703A-A3CD-4970-82CC-A184B8F50D7D}.Debug|Any CPU.ActiveCfg = Debug|Any CPU
		{BF20703A-A3CD-4970-82CC-A184B8F50D7D}.Debug|Any CPU.Build.0 = Debug|Any CPU
		{BF20703A-A3CD-4970-82CC-A184B8F50D7D}.Release|Any CPU.ActiveCfg = Release|Any CPU
		{BF20703A-A3CD-4970-82CC-A184B8F50D7D}.Release|Any CPU.Build.0 = Release|Any CPU
	EndGlobalSection
	GlobalSection(SolutionProperties) = preSolution
		HideSolutionNode = FALSE
	EndGlobalSection
	GlobalSection(NestedProjects) = preSolution
		{2DBFE775-EFDF-4EE0-B8DA-0A6CC3769134} = {4CCD7F32-A00B-4628-825D-EDEC2B680D3E}
		{BF20703A-A3CD-4970-82CC-A184B8F50D7D} = {4CCD7F32-A00B-4628-825D-EDEC2B680D3E}
	EndGlobalSection
	GlobalSection(ExtensibilityGlobals) = postSolution
		SolutionGuid = {0CFA3652-983B-4427-A35C-ACAC5D32BB61}
	EndGlobalSection
EndGlobal
